// !$*UTF8*$!
{
	archiveVersion = 1;
	classes = {
	};
	objectVersion = 56;
	objects = {

/* Begin PBXBuildFile section */
		4C4D88382BDA8F1200F65129 /* AppDelegate.swift in Sources */ = {isa = PBXBuildFile; fileRef = 4C4D88372BDA8F1200F65129 /* AppDelegate.swift */; };
		4C4D883A2BDA8F1200F65129 /* SceneDelegate.swift in Sources */ = {isa = PBXBuildFile; fileRef = 4C4D88392BDA8F1200F65129 /* SceneDelegate.swift */; };
		4C4D883C2BDA8F1200F65129 /* ViewController.swift in Sources */ = {isa = PBXBuildFile; fileRef = 4C4D883B2BDA8F1200F65129 /* ViewController.swift */; };
		4C4D883F2BDA8F1200F65129 /* Main.storyboard in Resources */ = {isa = PBXBuildFile; fileRef = 4C4D883D2BDA8F1200F65129 /* Main.storyboard */; };
		4C4D88412BDA8F1300F65129 /* Assets.xcassets in Resources */ = {isa = PBXBuildFile; fileRef = 4C4D88402BDA8F1300F65129 /* Assets.xcassets */; };
		4C4D88442BDA8F1300F65129 /* LaunchScreen.storyboard in Resources */ = {isa = PBXBuildFile; fileRef = 4C4D88422BDA8F1300F65129 /* LaunchScreen.storyboard */; };
		4C4D884F2BDA8F1300F65129 /* firstProjectTests.swift in Sources */ = {isa = PBXBuildFile; fileRef = 4C4D884E2BDA8F1300F65129 /* firstProjectTests.swift */; };
		4C4D88592BDA8F1300F65129 /* firstProjectUITests.swift in Sources */ = {isa = PBXBuildFile; fileRef = 4C4D88582BDA8F1300F65129 /* firstProjectUITests.swift */; };
		4C4D885B2BDA8F1300F65129 /* firstProjectUITestsLaunchTests.swift in Sources */ = {isa = PBXBuildFile; fileRef = 4C4D885A2BDA8F1300F65129 /* firstProjectUITestsLaunchTests.swift */; };
/* End PBXBuildFile section */

/* Begin PBXContainerItemProxy section */
		4C4D884B2BDA8F1300F65129 /* PBXContainerItemProxy */ = {
			isa = PBXContainerItemProxy;
			containerPortal = 4C4D882C2BDA8F1200F65129 /* Project object */;
			proxyType = 1;
			remoteGlobalIDString = 4C4D88332BDA8F1200F65129;
			remoteInfo = firstProject;
		};
		4C4D88552BDA8F1300F65129 /* PBXContainerItemProxy */ = {
			isa = PBXContainerItemProxy;
			containerPortal = 4C4D882C2BDA8F1200F65129 /* Project object */;
			proxyType = 1;
			remoteGlobalIDString = 4C4D88332BDA8F1200F65129;
			remoteInfo = firstProject;
		};
/* End PBXContainerItemProxy section */

/* Begin PBXFileReference section */
		4C4D88342BDA8F1200F65129 /* firstProject.app */ = {isa = PBXFileReference; explicitFileType = wrapper.application; includeInIndex = 0; path = firstProject.app; sourceTree = BUILT_PRODUCTS_DIR; };
		4C4D88372BDA8F1200F65129 /* AppDelegate.swift */ = {isa = PBXFileReference; lastKnownFileType = sourcecode.swift; path = AppDelegate.swift; sourceTree = "<group>"; };
		4C4D88392BDA8F1200F65129 /* SceneDelegate.swift */ = {isa = PBXFileReference; lastKnownFileType = sourcecode.swift; path = SceneDelegate.swift; sourceTree = "<group>"; };
		4C4D883B2BDA8F1200F65129 /* ViewController.swift */ = {isa = PBXFileReference; lastKnownFileType = sourcecode.swift; path = ViewController.swift; sourceTree = "<group>"; };
		4C4D883E2BDA8F1200F65129 /* Base */ = {isa = PBXFileReference; lastKnownFileType = file.storyboard; name = Base; path = Base.lproj/Main.storyboard; sourceTree = "<group>"; };
		4C4D88402BDA8F1300F65129 /* Assets.xcassets */ = {isa = PBXFileReference; lastKnownFileType = folder.assetcatalog; path = Assets.xcassets; sourceTree = "<group>"; };
		4C4D88432BDA8F1300F65129 /* Base */ = {isa = PBXFileReference; lastKnownFileType = file.storyboard; name = Base; path = Base.lproj/LaunchScreen.storyboard; sourceTree = "<group>"; };
		4C4D88452BDA8F1300F65129 /* Info.plist */ = {isa = PBXFileReference; lastKnownFileType = text.plist.xml; path = Info.plist; sourceTree = "<group>"; };
		4C4D884A2BDA8F1300F65129 /* firstProjectTests.xctest */ = {isa = PBXFileReference; explicitFileType = wrapper.cfbundle; includeInIndex = 0; path = firstProjectTests.xctest; sourceTree = BUILT_PRODUCTS_DIR; };
		4C4D884E2BDA8F1300F65129 /* firstProjectTests.swift */ = {isa = PBXFileReference; lastKnownFileType = sourcecode.swift; path = firstProjectTests.swift; sourceTree = "<group>"; };
		4C4D88542BDA8F1300F65129 /* firstProjectUITests.xctest */ = {isa = PBXFileReference; explicitFileType = wrapper.cfbundle; includeInIndex = 0; path = firstProjectUITests.xctest; sourceTree = BUILT_PRODUCTS_DIR; };
		4C4D88582BDA8F1300F65129 /* firstProjectUITests.swift */ = {isa = PBXFileReference; lastKnownFileType = sourcecode.swift; path = firstProjectUITests.swift; sourceTree = "<group>"; };
		4C4D885A2BDA8F1300F65129 /* firstProjectUITestsLaunchTests.swift */ = {isa = PBXFileReference; lastKnownFileType = sourcecode.swift; path = firstProjectUITestsLaunchTests.swift; sourceTree = "<group>"; };
/* End PBXFileReference section */

/* Begin PBXFrameworksBuildPhase section */
		4C4D88312BDA8F1200F65129 /* Frameworks */ = {
			isa = PBXFrameworksBuildPhase;
			buildActionMask = 2147483647;
			files = (
			);
			runOnlyForDeploymentPostprocessing = 0;
		};
		4C4D88472BDA8F1300F65129 /* Frameworks */ = {
			isa = PBXFrameworksBuildPhase;
			buildActionMask = 2147483647;
			files = (
			);
			runOnlyForDeploymentPostprocessing = 0;
		};
		4C4D88512BDA8F1300F65129 /* Frameworks */ = {
			isa = PBXFrameworksBuildPhase;
			buildActionMask = 2147483647;
			files = (
			);
			runOnlyForDeploymentPostprocessing = 0;
		};
/* End PBXFrameworksBuildPhase section */

/* Begin PBXGroup section */
		4C4D882B2BDA8F1200F65129 = {
			isa = PBXGroup;
			children = (
				4C4D88362BDA8F1200F65129 /* firstProject */,
				4C4D884D2BDA8F1300F65129 /* firstProjectTests */,
				4C4D88572BDA8F1300F65129 /* firstProjectUITests */,
				4C4D88352BDA8F1200F65129 /* Products */,
			);
			sourceTree = "<group>";
		};
		4C4D88352BDA8F1200F65129 /* Products */ = {
			isa = PBXGroup;
			children = (
				4C4D88342BDA8F1200F65129 /* firstProject.app */,
				4C4D884A2BDA8F1300F65129 /* firstProjectTests.xctest */,
				4C4D88542BDA8F1300F65129 /* firstProjectUITests.xctest */,
			);
			name = Products;
			sourceTree = "<group>";
		};
		4C4D88362BDA8F1200F65129 /* firstProject */ = {
			isa = PBXGroup;
			children = (
				4C4D88372BDA8F1200F65129 /* AppDelegate.swift */,
				4C4D88392BDA8F1200F65129 /* SceneDelegate.swift */,
				4C4D883B2BDA8F1200F65129 /* ViewController.swift */,
				4C4D883D2BDA8F1200F65129 /* Main.storyboard */,
				4C4D88402BDA8F1300F65129 /* Assets.xcassets */,
				4C4D88422BDA8F1300F65129 /* LaunchScreen.storyboard */,
				4C4D88452BDA8F1300F65129 /* Info.plist */,
			);
			path = firstProject;
			sourceTree = "<group>";
		};
		4C4D884D2BDA8F1300F65129 /* firstProjectTests */ = {
			isa = PBXGroup;
			children = (
				4C4D884E2BDA8F1300F65129 /* firstProjectTests.swift */,
			);
			path = firstProjectTests;
			sourceTree = "<group>";
		};
		4C4D88572BDA8F1300F65129 /* firstProjectUITests */ = {
			isa = PBXGroup;
			children = (
				4C4D88582BDA8F1300F65129 /* firstProjectUITests.swift */,
				4C4D885A2BDA8F1300F65129 /* firstProjectUITestsLaunchTests.swift */,
			);
			path = firstProjectUITests;
			sourceTree = "<group>";
		};
/* End PBXGroup section */

/* Begin PBXNativeTarget section */
		4C4D88332BDA8F1200F65129 /* firstProject */ = {
			isa = PBXNativeTarget;
			buildConfigurationList = 4C4D885E2BDA8F1300F65129 /* Build configuration list for PBXNativeTarget "firstProject" */;
			buildPhases = (
				4C4D88302BDA8F1200F65129 /* Sources */,
				4C4D88312BDA8F1200F65129 /* Frameworks */,
				4C4D88322BDA8F1200F65129 /* Resources */,
			);
			buildRules = (
			);
			dependencies = (
			);
			name = firstProject;
			productName = firstProject;
			productReference = 4C4D88342BDA8F1200F65129 /* firstProject.app */;
			productType = "com.apple.product-type.application";
		};
		4C4D88492BDA8F1300F65129 /* firstProjectTests */ = {
			isa = PBXNativeTarget;
			buildConfigurationList = 4C4D88612BDA8F1300F65129 /* Build configuration list for PBXNativeTarget "firstProjectTests" */;
			buildPhases = (
				4C4D88462BDA8F1300F65129 /* Sources */,
				4C4D88472BDA8F1300F65129 /* Frameworks */,
				4C4D88482BDA8F1300F65129 /* Resources */,
			);
			buildRules = (
			);
			dependencies = (
				4C4D884C2BDA8F1300F65129 /* PBXTargetDependency */,
			);
			name = firstProjectTests;
			productName = firstProjectTests;
			productReference = 4C4D884A2BDA8F1300F65129 /* firstProjectTests.xctest */;
			productType = "com.apple.product-type.bundle.unit-test";
		};
		4C4D88532BDA8F1300F65129 /* firstProjectUITests */ = {
			isa = PBXNativeTarget;
			buildConfigurationList = 4C4D88642BDA8F1300F65129 /* Build configuration list for PBXNativeTarget "firstProjectUITests" */;
			buildPhases = (
				4C4D88502BDA8F1300F65129 /* Sources */,
				4C4D88512BDA8F1300F65129 /* Frameworks */,
				4C4D88522BDA8F1300F65129 /* Resources */,
			);
			buildRules = (
			);
			dependencies = (
				4C4D88562BDA8F1300F65129 /* PBXTargetDependency */,
			);
			name = firstProjectUITests;
			productName = firstProjectUITests;
			productReference = 4C4D88542BDA8F1300F65129 /* firstProjectUITests.xctest */;
			productType = "com.apple.product-type.bundle.ui-testing";
		};
/* End PBXNativeTarget section */

/* Begin PBXProject section */
		4C4D882C2BDA8F1200F65129 /* Project object */ = {
			isa = PBXProject;
			attributes = {
				BuildIndependentTargetsInParallel = 1;
				LastSwiftUpdateCheck = 1520;
				LastUpgradeCheck = 1520;
				TargetAttributes = {
					4C4D88332BDA8F1200F65129 = {
						CreatedOnToolsVersion = 15.2;
					};
					4C4D88492BDA8F1300F65129 = {
						CreatedOnToolsVersion = 15.2;
						TestTargetID = 4C4D88332BDA8F1200F65129;
					};
					4C4D88532BDA8F1300F65129 = {
						CreatedOnToolsVersion = 15.2;
						TestTargetID = 4C4D88332BDA8F1200F65129;
					};
				};
			};
			buildConfigurationList = 4C4D882F2BDA8F1200F65129 /* Build configuration list for PBXProject "firstProject" */;
			compatibilityVersion = "Xcode 14.0";
			developmentRegion = en;
			hasScannedForEncodings = 0;
			knownRegions = (
				en,
				Base,
			);
			mainGroup = 4C4D882B2BDA8F1200F65129;
			productRefGroup = 4C4D88352BDA8F1200F65129 /* Products */;
			projectDirPath = "";
			projectRoot = "";
			targets = (
				4C4D88332BDA8F1200F65129 /* firstProject */,
				4C4D88492BDA8F1300F65129 /* firstProjectTests */,
				4C4D88532BDA8F1300F65129 /* firstProjectUITests */,
			);
		};
/* End PBXProject section */

/* Begin PBXResourcesBuildPhase section */
		4C4D88322BDA8F1200F65129 /* Resources */ = {
			isa = PBXResourcesBuildPhase;
			buildActionMask = 2147483647;
			files = (
				4C4D88442BDA8F1300F65129 /* LaunchScreen.storyboard in Resources */,
				4C4D88412BDA8F1300F65129 /* Assets.xcassets in Resources */,
				4C4D883F2BDA8F1200F65129 /* Main.storyboard in Resources */,
			);
			runOnlyForDeploymentPostprocessing = 0;
		};
		4C4D88482BDA8F1300F65129 /* Resources */ = {
			isa = PBXResourcesBuildPhase;
			buildActionMask = 2147483647;
			files = (
			);
			runOnlyForDeploymentPostprocessing = 0;
		};
		4C4D88522BDA8F1300F65129 /* Resources */ = {
			isa = PBXResourcesBuildPhase;
			buildActionMask = 2147483647;
			files = (
			);
			runOnlyForDeploymentPostprocessing = 0;
		};
/* End PBXResourcesBuildPhase section */

/* Begin PBXSourcesBuildPhase section */
		4C4D88302BDA8F1200F65129 /* Sources */ = {
			isa = PBXSourcesBuildPhase;
			buildActionMask = 2147483647;
			files = (
				4C4D883C2BDA8F1200F65129 /* ViewController.swift in Sources */,
				4C4D88382BDA8F1200F65129 /* AppDelegate.swift in Sources */,
				4C4D883A2BDA8F1200F65129 /* SceneDelegate.swift in Sources */,
			);
			runOnlyForDeploymentPostprocessing = 0;
		};
		4C4D88462BDA8F1300F65129 /* Sources */ = {
			isa = PBXSourcesBuildPhase;
			buildActionMask = 2147483647;
			files = (
				4C4D884F2BDA8F1300F65129 /* firstProjectTests.swift in Sources */,
			);
			runOnlyForDeploymentPostprocessing = 0;
		};
		4C4D88502BDA8F1300F65129 /* Sources */ = {
			isa = PBXSourcesBuildPhase;
			buildActionMask = 2147483647;
			files = (
				4C4D88592BDA8F1300F65129 /* firstProjectUITests.swift in Sources */,
				4C4D885B2BDA8F1300F65129 /* firstProjectUITestsLaunchTests.swift in Sources */,
			);
			runOnlyForDeploymentPostprocessing = 0;
		};
/* End PBXSourcesBuildPhase section */

/* Begin PBXTargetDependency section */
		4C4D884C2BDA8F1300F65129 /* PBXTargetDependency */ = {
			isa = PBXTargetDependency;
			target = 4C4D88332BDA8F1200F65129 /* firstProject */;
			targetProxy = 4C4D884B2BDA8F1300F65129 /* PBXContainerItemProxy */;
		};
		4C4D88562BDA8F1300F65129 /* PBXTargetDependency */ = {
			isa = PBXTargetDependency;
			target = 4C4D88332BDA8F1200F65129 /* firstProject */;
			targetProxy = 4C4D88552BDA8F1300F65129 /* PBXContainerItemProxy */;
		};
/* End PBXTargetDependency section */

/* Begin PBXVariantGroup section */
		4C4D883D2BDA8F1200F65129 /* Main.storyboard */ = {
			isa = PBXVariantGroup;
			children = (
				4C4D883E2BDA8F1200F65129 /* Base */,
			);
			name = Main.storyboard;
			sourceTree = "<group>";
		};
		4C4D88422BDA8F1300F65129 /* LaunchScreen.storyboard */ = {
			isa = PBXVariantGroup;
			children = (
				4C4D88432BDA8F1300F65129 /* Base */,
			);
			name = LaunchScreen.storyboard;
			sourceTree = "<group>";
		};
/* End PBXVariantGroup section */

/* Begin XCBuildConfiguration section */
		4C4D885C2BDA8F1300F65129 /* Debug */ = {
			isa = XCBuildConfiguration;
			buildSettings = {
				ALWAYS_SEARCH_USER_PATHS = NO;
				ASSETCATALOG_COMPILER_GENERATE_SWIFT_ASSET_SYMBOL_EXTENSIONS = YES;
				CLANG_ANALYZER_NONNULL = YES;
				CLANG_ANALYZER_NUMBER_OBJECT_CONVERSION = YES_AGGRESSIVE;
				CLANG_CXX_LANGUAGE_STANDARD = "gnu++20";
				CLANG_ENABLE_MODULES = YES;
				CLANG_ENABLE_OBJC_ARC = YES;
				CLANG_ENABLE_OBJC_WEAK = YES;
				CLANG_WARN_BLOCK_CAPTURE_AUTORELEASING = YES;
				CLANG_WARN_BOOL_CONVERSION = YES;
				CLANG_WARN_COMMA = YES;
				CLANG_WARN_CONSTANT_CONVERSION = YES;
				CLANG_WARN_DEPRECATED_OBJC_IMPLEMENTATIONS = YES;
				CLANG_WARN_DIRECT_OBJC_ISA_USAGE = YES_ERROR;
				CLANG_WARN_DOCUMENTATION_COMMENTS = YES;
				CLANG_WARN_EMPTY_BODY = YES;
				CLANG_WARN_ENUM_CONVERSION = YES;
				CLANG_WARN_INFINITE_RECURSION = YES;
				CLANG_WARN_INT_CONVERSION = YES;
				CLANG_WARN_NON_LITERAL_NULL_CONVERSION = YES;
				CLANG_WARN_OBJC_IMPLICIT_RETAIN_SELF = YES;
				CLANG_WARN_OBJC_LITERAL_CONVERSION = YES;
				CLANG_WARN_OBJC_ROOT_CLASS = YES_ERROR;
				CLANG_WARN_QUOTED_INCLUDE_IN_FRAMEWORK_HEADER = YES;
				CLANG_WARN_RANGE_LOOP_ANALYSIS = YES;
				CLANG_WARN_STRICT_PROTOTYPES = YES;
				CLANG_WARN_SUSPICIOUS_MOVE = YES;
				CLANG_WARN_UNGUARDED_AVAILABILITY = YES_AGGRESSIVE;
				CLANG_WARN_UNREACHABLE_CODE = YES;
				CLANG_WARN__DUPLICATE_METHOD_MATCH = YES;
				COPY_PHASE_STRIP = NO;
				DEBUG_INFORMATION_FORMAT = dwarf;
				ENABLE_STRICT_OBJC_MSGSEND = YES;
				ENABLE_TESTABILITY = YES;
				ENABLE_USER_SCRIPT_SANDBOXING = YES;
				GCC_C_LANGUAGE_STANDARD = gnu17;
				GCC_DYNAMIC_NO_PIC = NO;
				GCC_NO_COMMON_BLOCKS = YES;
				GCC_OPTIMIZATION_LEVEL = 0;
				GCC_PREPROCESSOR_DEFINITIONS = (
					"DEBUG=1",
					"$(inherited)",
				);
				GCC_WARN_64_TO_32_BIT_CONVERSION = YES;
				GCC_WARN_ABOUT_RETURN_TYPE = YES_ERROR;
				GCC_WARN_UNDECLARED_SELECTOR = YES;
				GCC_WARN_UNINITIALIZED_AUTOS = YES_AGGRESSIVE;
				GCC_WARN_UNUSED_FUNCTION = YES;
				GCC_WARN_UNUSED_VARIABLE = YES;
				IPHONEOS_DEPLOYMENT_TARGET = 17.2;
				LOCALIZATION_PREFERS_STRING_CATALOGS = YES;
				MTL_ENABLE_DEBUG_INFO = INCLUDE_SOURCE;
				MTL_FAST_MATH = YES;
				ONLY_ACTIVE_ARCH = YES;
				SDKROOT = iphoneos;
				SWIFT_ACTIVE_COMPILATION_CONDITIONS = "DEBUG $(inherited)";
				SWIFT_OPTIMIZATION_LEVEL = "-Onone";
			};
			name = Debug;
		};
		4C4D885D2BDA8F1300F65129 /* Release */ = {
			isa = XCBuildConfiguration;
			buildSettings = {
				ALWAYS_SEARCH_USER_PATHS = NO;
				ASSETCATALOG_COMPILER_GENERATE_SWIFT_ASSET_SYMBOL_EXTENSIONS = YES;
				CLANG_ANALYZER_NONNULL = YES;
				CLANG_ANALYZER_NUMBER_OBJECT_CONVERSION = YES_AGGRESSIVE;
				CLANG_CXX_LANGUAGE_STANDARD = "gnu++20";
				CLANG_ENABLE_MODULES = YES;
				CLANG_ENABLE_OBJC_ARC = YES;
				CLANG_ENABLE_OBJC_WEAK = YES;
				CLANG_WARN_BLOCK_CAPTURE_AUTORELEASING = YES;
				CLANG_WARN_BOOL_CONVERSION = YES;
				CLANG_WARN_COMMA = YES;
				CLANG_WARN_CONSTANT_CONVERSION = YES;
				CLANG_WARN_DEPRECATED_OBJC_IMPLEMENTATIONS = YES;
				CLANG_WARN_DIRECT_OBJC_ISA_USAGE = YES_ERROR;
				CLANG_WARN_DOCUMENTATION_COMMENTS = YES;
				CLANG_WARN_EMPTY_BODY = YES;
				CLANG_WARN_ENUM_CONVERSION = YES;
				CLANG_WARN_INFINITE_RECURSION = YES;
				CLANG_WARN_INT_CONVERSION = YES;
				CLANG_WARN_NON_LITERAL_NULL_CONVERSION = YES;
				CLANG_WARN_OBJC_IMPLICIT_RETAIN_SELF = YES;
				CLANG_WARN_OBJC_LITERAL_CONVERSION = YES;
				CLANG_WARN_OBJC_ROOT_CLASS = YES_ERROR;
				CLANG_WARN_QUOTED_INCLUDE_IN_FRAMEWORK_HEADER = YES;
				CLANG_WARN_RANGE_LOOP_ANALYSIS = YES;
				CLANG_WARN_STRICT_PROTOTYPES = YES;
				CLANG_WARN_SUSPICIOUS_MOVE = YES;
				CLANG_WARN_UNGUARDED_AVAILABILITY = YES_AGGRESSIVE;
				CLANG_WARN_UNREACHABLE_CODE = YES;
				CLANG_WARN__DUPLICATE_METHOD_MATCH = YES;
				COPY_PHASE_STRIP = NO;
				DEBUG_INFORMATION_FORMAT = "dwarf-with-dsym";
				ENABLE_NS_ASSERTIONS = NO;
				ENABLE_STRICT_OBJC_MSGSEND = YES;
				ENABLE_USER_SCRIPT_SANDBOXING = YES;
				GCC_C_LANGUAGE_STANDARD = gnu17;
				GCC_NO_COMMON_BLOCKS = YES;
				GCC_WARN_64_TO_32_BIT_CONVERSION = YES;
				GCC_WARN_ABOUT_RETURN_TYPE = YES_ERROR;
				GCC_WARN_UNDECLARED_SELECTOR = YES;
				GCC_WARN_UNINITIALIZED_AUTOS = YES_AGGRESSIVE;
				GCC_WARN_UNUSED_FUNCTION = YES;
				GCC_WARN_UNUSED_VARIABLE = YES;
				IPHONEOS_DEPLOYMENT_TARGET = 17.2;
				LOCALIZATION_PREFERS_STRING_CATALOGS = YES;
				MTL_ENABLE_DEBUG_INFO = NO;
				MTL_FAST_MATH = YES;
				SDKROOT = iphoneos;
				SWIFT_COMPILATION_MODE = wholemodule;
				VALIDATE_PRODUCT = YES;
			};
			name = Release;
		};
		4C4D885F2BDA8F1300F65129 /* Debug */ = {
			isa = XCBuildConfiguration;
			buildSettings = {
				ASSETCATALOG_COMPILER_APPICON_NAME = AppIcon;
				ASSETCATALOG_COMPILER_GLOBAL_ACCENT_COLOR_NAME = AccentColor;
				CODE_SIGN_STYLE = Automatic;
				CURRENT_PROJECT_VERSION = 1;
				DEVELOPMENT_TEAM = 958TRFC4AJ;
				GENERATE_INFOPLIST_FILE = YES;
				INFOPLIST_FILE = firstProject/Info.plist;
				INFOPLIST_KEY_UIApplicationSupportsIndirectInputEvents = YES;
				INFOPLIST_KEY_UILaunchStoryboardName = LaunchScreen;
				INFOPLIST_KEY_UIMainStoryboardFile = Main;
				INFOPLIST_KEY_UISupportedInterfaceOrientations_iPad = "UIInterfaceOrientationPortrait UIInterfaceOrientationPortraitUpsideDown UIInterfaceOrientationLandscapeLeft UIInterfaceOrientationLandscapeRight";
				INFOPLIST_KEY_UISupportedInterfaceOrientations_iPhone = "UIInterfaceOrientationPortrait UIInterfaceOrientationLandscapeLeft UIInterfaceOrientationLandscapeRight";
				LD_RUNPATH_SEARCH_PATHS = (
					"$(inherited)",
					"@executable_path/Frameworks",
				);
				MARKETING_VERSION = 1.0;
				PRODUCT_BUNDLE_IDENTIFIER = uk.firstProject;
				PRODUCT_NAME = "$(TARGET_NAME)";
				SWIFT_EMIT_LOC_STRINGS = YES;
				SWIFT_VERSION = 5.0;
				TARGETED_DEVICE_FAMILY = "1,2";
			};
			name = Debug;
		};
		4C4D88602BDA8F1300F65129 /* Release */ = {
			isa = XCBuildConfiguration;
			buildSettings = {
				ASSETCATALOG_COMPILER_APPICON_NAME = AppIcon;
				ASSETCATALOG_COMPILER_GLOBAL_ACCENT_COLOR_NAME = AccentColor;
				CODE_SIGN_STYLE = Automatic;
				CURRENT_PROJECT_VERSION = 1;
				DEVELOPMENT_TEAM = 958TRFC4AJ;
				GENERATE_INFOPLIST_FILE = YES;
				INFOPLIST_FILE = firstProject/Info.plist;
				INFOPLIST_KEY_UIApplicationSupportsIndirectInputEvents = YES;
				INFOPLIST_KEY_UILaunchStoryboardName = LaunchScreen;
				INFOPLIST_KEY_UIMainStoryboardFile = Main;
				INFOPLIST_KEY_UISupportedInterfaceOrientations_iPad = "UIInterfaceOrientationPortrait UIInterfaceOrientationPortraitUpsideDown UIInterfaceOrientationLandscapeLeft UIInterfaceOrientationLandscapeRight";
				INFOPLIST_KEY_UISupportedInterfaceOrientations_iPhone = "UIInterfaceOrientationPortrait UIInterfaceOrientationLandscapeLeft UIInterfaceOrientationLandscapeRight";
				LD_RUNPATH_SEARCH_PATHS = (
					"$(inherited)",
					"@executable_path/Frameworks",
				);
				MARKETING_VERSION = 1.0;
				PRODUCT_BUNDLE_IDENTIFIER = uk.firstProject;
				PRODUCT_NAME = "$(TARGET_NAME)";
				SWIFT_EMIT_LOC_STRINGS = YES;
				SWIFT_VERSION = 5.0;
				TARGETED_DEVICE_FAMILY = "1,2";
			};
			name = Release;
		};
		4C4D88622BDA8F1300F65129 /* Debug */ = {
			isa = XCBuildConfiguration;
			buildSettings = {
				ALWAYS_EMBED_SWIFT_STANDARD_LIBRARIES = YES;
				BUNDLE_LOADER = "$(TEST_HOST)";
				CODE_SIGN_STYLE = Automatic;
				CURRENT_PROJECT_VERSION = 1;
				DEVELOPMENT_TEAM = 958TRFC4AJ;
				GENERATE_INFOPLIST_FILE = YES;
				IPHONEOS_DEPLOYMENT_TARGET = 17.2;
				MARKETING_VERSION = 1.0;
				PRODUCT_BUNDLE_IDENTIFIER = uk.firstProjectTests;
				PRODUCT_NAME = "$(TARGET_NAME)";
				SWIFT_EMIT_LOC_STRINGS = NO;
				SWIFT_VERSION = 5.0;
				TARGETED_DEVICE_FAMILY = "1,2";
				TEST_HOST = "$(BUILT_PRODUCTS_DIR)/firstProject.app/$(BUNDLE_EXECUTABLE_FOLDER_PATH)/firstProject";
			};
			name = Debug;
		};
		4C4D88632BDA8F1300F65129 /* Release */ = {
			isa = XCBuildConfiguration;
			buildSettings = {
				ALWAYS_EMBED_SWIFT_STANDARD_LIBRARIES = YES;
				BUNDLE_LOADER = "$(TEST_HOST)";
				CODE_SIGN_STYLE = Automatic;
				CURRENT_PROJECT_VERSION = 1;
				DEVELOPMENT_TEAM = 958TRFC4AJ;
				GENERATE_INFOPLIST_FILE = YES;
				IPHONEOS_DEPLOYMENT_TARGET = 17.2;
				MARKETING_VERSION = 1.0;
				PRODUCT_BUNDLE_IDENTIFIER = uk.firstProjectTests;
				PRODUCT_NAME = "$(TARGET_NAME)";
				SWIFT_EMIT_LOC_STRINGS = NO;
				SWIFT_VERSION = 5.0;
				TARGETED_DEVICE_FAMILY = "1,2";
				TEST_HOST = "$(BUILT_PRODUCTS_DIR)/firstProject.app/$(BUNDLE_EXECUTABLE_FOLDER_PATH)/firstProject";
			};
			name = Release;
		};
		4C4D88652BDA8F1300F65129 /* Debug */ = {
			isa = XCBuildConfiguration;
			buildSettings = {
				ALWAYS_EMBED_SWIFT_STANDARD_LIBRARIES = YES;
				CODE_SIGN_STYLE = Automatic;
				CURRENT_PROJECT_VERSION = 1;
				DEVELOPMENT_TEAM = 958TRFC4AJ;
				GENERATE_INFOPLIST_FILE = YES;
				MARKETING_VERSION = 1.0;
				PRODUCT_BUNDLE_IDENTIFIER = uk.firstProjectUITests;
				PRODUCT_NAME = "$(TARGET_NAME)";
				SWIFT_EMIT_LOC_STRINGS = NO;
				SWIFT_VERSION = 5.0;
				TARGETED_DEVICE_FAMILY = "1,2";
				TEST_TARGET_NAME = firstProject;
			};
			name = Debug;
		};
		4C4D88662BDA8F1300F65129 /* Release */ = {
			isa = XCBuildConfiguration;
			buildSettings = {
				ALWAYS_EMBED_SWIFT_STANDARD_LIBRARIES = YES;
				CODE_SIGN_STYLE = Automatic;
				CURRENT_PROJECT_VERSION = 1;
				DEVELOPMENT_TEAM = 958TRFC4AJ;
				GENERATE_INFOPLIST_FILE = YES;
				MARKETING_VERSION = 1.0;
				PRODUCT_BUNDLE_IDENTIFIER = uk.firstProjectUITests;
				PRODUCT_NAME = "$(TARGET_NAME)";
				SWIFT_EMIT_LOC_STRINGS = NO;
				SWIFT_VERSION = 5.0;
				TARGETED_DEVICE_FAMILY = "1,2";
				TEST_TARGET_NAME = firstProject;
			};
			name = Release;
		};
/* End XCBuildConfiguration section */

/* Begin XCConfigurationList section */
		4C4D882F2BDA8F1200F65129 /* Build configuration list for PBXProject "firstProject" */ = {
			isa = XCConfigurationList;
			buildConfigurations = (
				4C4D885C2BDA8F1300F65129 /* Debug */,
				4C4D885D2BDA8F1300F65129 /* Release */,
			);
			defaultConfigurationIsVisible = 0;
			defaultConfigurationName = Release;
		};
		4C4D885E2BDA8F1300F65129 /* Build configuration list for PBXNativeTarget "firstProject" */ = {
			isa = XCConfigurationList;
			buildConfigurations = (
				4C4D885F2BDA8F1300F65129 /* Debug */,
				4C4D88602BDA8F1300F65129 /* Release */,
			);
			defaultConfigurationIsVisible = 0;
			defaultConfigurationName = Release;
		};
		4C4D88612BDA8F1300F65129 /* Build configuration list for PBXNativeTarget "firstProjectTests" */ = {
			isa = XCConfigurationList;
			buildConfigurations = (
				4C4D88622BDA8F1300F65129 /* Debug */,
				4C4D88632BDA8F1300F65129 /* Release */,
			);
			defaultConfigurationIsVisible = 0;
			defaultConfigurationName = Release;
		};
		4C4D88642BDA8F1300F65129 /* Build configuration list for PBXNativeTarget "firstProjectUITests" */ = {
			isa = XCConfigurationList;
			buildConfigurations = (
				4C4D88652BDA8F1300F65129 /* Debug */,
				4C4D88662BDA8F1300F65129 /* Release */,
			);
			defaultConfigurationIsVisible = 0;
			defaultConfigurationName = Release;
		};
/* End XCConfigurationList section */
	};
	rootObject = 4C4D882C2BDA8F1200F65129 /* Project object */;
}
